
Microsoft Visual Studio Solution File, Format Version 12.00
# Visual Studio Version 17
VisualStudioVersion = 17.5.002.0
MinimumVisualStudioVersion = 10.0.40219.1
Project("{9A19103F-16F7-4668-BE54-9A1E7A4F7556}") = "Exercicio_Ordenacao_Bubblesort", "Exercicio_Ordenacao_Bubblesort.csproj", "{D9A4B163-D30C-4FCC-8042-94013C2B39A5}"
EndProject
Global
	GlobalSection(SolutionConfigurationPlatforms) = preSolution
		Debug|Any CPU = Debug|Any CPU
		Release|Any CPU = Release|Any CPU
	EndGlobalSection
	GlobalSection(ProjectConfigurationPlatforms) = postSolution
		{D9A4B163-D30C-4FCC-8042-94013C2B39A5}.Debug|Any CPU.ActiveCfg = Debug|Any CPU
		{D9A4B163-D30C-4FCC-8042-94013C2B39A5}.Debug|Any CPU.Build.0 = Debug|Any CPU
		{D9A4B163-D30C-4FCC-8042-94013C2B39A5}.Release|Any CPU.ActiveCfg = Release|Any CPU
		{D9A4B163-D30C-4FCC-8042-94013C2B39A5}.Release|Any CPU.Build.0 = Release|Any CPU
	EndGlobalSection
	GlobalSection(SolutionProperties) = preSolution
		HideSolutionNode = FALSE
	EndGlobalSection
	GlobalSection(ExtensibilityGlobals) = postSolution
		SolutionGuid = {B872CFB5-5518-4DE9-AC7B-4209B600B670}
	EndGlobalSection
EndGlobal
